
Microsoft Visual Studio Solution File, Format Version 12.00
# Visual Studio Version 17
VisualStudioVersion = 17.3.32901.215
MinimumVisualStudioVersion = 10.0.40219.1
Project("{FAE04EC0-301F-11D3-BF4B-00C04F79EFBC}") = "AzureFunctionConversaoTemperatura", "AzureFunctionConversaoTemperatura.csproj", "{DDBFAEC6-67B1-4CB1-8AFB-28B73B3C8802}"
EndProject
Global
	GlobalSection(SolutionConfigurationPlatforms) = preSolution
		Debug|Any CPU = Debug|Any CPU
		Release|Any CPU = Release|Any CPU
	EndGlobalSection
	GlobalSection(ProjectConfigurationPlatforms) = postSolution
		{DDBFAEC6-67B1-4CB1-8AFB-28B73B3C8802}.Debug|Any CPU.ActiveCfg = Debug|Any CPU
		{DDBFAEC6-67B1-4CB1-8AFB-28B73B3C8802}.Debug|Any CPU.Build.0 = Debug|Any CPU
		{DDBFAEC6-67B1-4CB1-8AFB-28B73B3C8802}.Release|Any CPU.ActiveCfg = Release|Any CPU
		{DDBFAEC6-67B1-4CB1-8AFB-28B73B3C8802}.Release|Any CPU.Build.0 = Release|Any CPU
	EndGlobalSection
	GlobalSection(SolutionProperties) = preSolution
		HideSolutionNode = FALSE
	EndGlobalSection
	GlobalSection(ExtensibilityGlobals) = postSolution
		SolutionGuid = {7633C4F8-9030-4455-821E-326FD4F544FE}
	EndGlobalSection
EndGlobal
